
Microsoft Visual Studio Solution File, Format Version 12.00
# Visual Studio Version 16
VisualStudioVersion = 16.0.29609.76
MinimumVisualStudioVersion = 10.0.40219.1
Project("{FAE04EC0-301F-11D3-BF4B-00C04F79EFBC}") = "AdventWeek2020", "AdventWeek2020\AdventWeek2020.csproj", "{B7207546-DD33-4D74-B804-2E1A1CE24CA1}"
EndProject
Project("{FAE04EC0-301F-11D3-BF4B-00C04F79EFBC}") = "TheBESTCarRacing", "TheBESTCarRacing\TheBESTCarRacing.csproj", "{422C143B-C98C-4951-9E1B-08ACCAE95538}"
EndProject
Project("{FAE04EC0-301F-11D3-BF4B-00C04F79EFBC}") = "THE-BEST_TIC-TAC", "THE-BEST_TIC-TAC\THE-BEST_TIC-TAC.csproj", "{A3B347F5-BE4B-4BC4-9CEC-B729EF1E5D38}"
EndProject
Project("{FAE04EC0-301F-11D3-BF4B-00C04F79EFBC}") = "TheBESTSnake", "TheBESTSnake\TheBESTSnake.csproj", "{47282A93-430C-4D4F-B4A1-0A45197F641D}"
EndProject
Project("{FAE04EC0-301F-11D3-BF4B-00C04F79EFBC}") = "MagicPredictor", "MagicPredictor\MagicPredictor.csproj", "{0F37583B-9FD0-4D5C-9A95-2C07DF04ACCE}"
EndProject
Project("{FAE04EC0-301F-11D3-BF4B-00C04F79EFBC}") = "Tetris", "TetrisBest\Tetris\Tetris.csproj", "{63EFBB21-4C9E-4D73-99F1-268C9A9F350D}"
EndProject
Project("{FAE04EC0-301F-11D3-BF4B-00C04F79EFBC}") = "AboutInfo", "AboutInfo\AboutInfo\AboutInfo.csproj", "{68DC4FE2-EF97-429F-9065-DBEE1F18CFE2}"
EndProject
Global
	GlobalSection(SolutionConfigurationPlatforms) = preSolution
		Debug|Any CPU = Debug|Any CPU
		Release|Any CPU = Release|Any CPU
	EndGlobalSection
	GlobalSection(ProjectConfigurationPlatforms) = postSolution
		{B7207546-DD33-4D74-B804-2E1A1CE24CA1}.Debug|Any CPU.ActiveCfg = Debug|Any CPU
		{B7207546-DD33-4D74-B804-2E1A1CE24CA1}.Debug|Any CPU.Build.0 = Debug|Any CPU
		{B7207546-DD33-4D74-B804-2E1A1CE24CA1}.Release|Any CPU.ActiveCfg = Release|Any CPU
		{B7207546-DD33-4D74-B804-2E1A1CE24CA1}.Release|Any CPU.Build.0 = Release|Any CPU
		{422C143B-C98C-4951-9E1B-08ACCAE95538}.Debug|Any CPU.ActiveCfg = Debug|Any CPU
		{422C143B-C98C-4951-9E1B-08ACCAE95538}.Debug|Any CPU.Build.0 = Debug|Any CPU
		{422C143B-C98C-4951-9E1B-08ACCAE95538}.Release|Any CPU.ActiveCfg = Release|Any CPU
		{422C143B-C98C-4951-9E1B-08ACCAE95538}.Release|Any CPU.Build.0 = Release|Any CPU
		{A3B347F5-BE4B-4BC4-9CEC-B729EF1E5D38}.Debug|Any CPU.ActiveCfg = Debug|Any CPU
		{A3B347F5-BE4B-4BC4-9CEC-B729EF1E5D38}.Debug|Any CPU.Build.0 = Debug|Any CPU
		{A3B347F5-BE4B-4BC4-9CEC-B729EF1E5D38}.Release|Any CPU.ActiveCfg = Release|Any CPU
		{A3B347F5-BE4B-4BC4-9CEC-B729EF1E5D38}.Release|Any CPU.Build.0 = Release|Any CPU
		{47282A93-430C-4D4F-B4A1-0A45197F641D}.Debug|Any CPU.ActiveCfg = Debug|Any CPU
		{47282A93-430C-4D4F-B4A1-0A45197F641D}.Debug|Any CPU.Build.0 = Debug|Any CPU
		{47282A93-430C-4D4F-B4A1-0A45197F641D}.Release|Any CPU.ActiveCfg = Release|Any CPU
		{47282A93-430C-4D4F-B4A1-0A45197F641D}.Release|Any CPU.Build.0 = Release|Any CPU
		{0F37583B-9FD0-4D5C-9A95-2C07DF04ACCE}.Debug|Any CPU.ActiveCfg = Debug|Any CPU
		{0F37583B-9FD0-4D5C-9A95-2C07DF04ACCE}.Debug|Any CPU.Build.0 = Debug|Any CPU
		{0F37583B-9FD0-4D5C-9A95-2C07DF04ACCE}.Release|Any CPU.ActiveCfg = Release|Any CPU
		{0F37583B-9FD0-4D5C-9A95-2C07DF04ACCE}.Release|Any CPU.Build.0 = Release|Any CPU
		{63EFBB21-4C9E-4D73-99F1-268C9A9F350D}.Debug|Any CPU.ActiveCfg = Debug|Any CPU
		{63EFBB21-4C9E-4D73-99F1-268C9A9F350D}.Debug|Any CPU.Build.0 = Debug|Any CPU
		{63EFBB21-4C9E-4D73-99F1-268C9A9F350D}.Release|Any CPU.ActiveCfg = Release|Any CPU
		{63EFBB21-4C9E-4D73-99F1-268C9A9F350D}.Release|Any CPU.Build.0 = Release|Any CPU
		{68DC4FE2-EF97-429F-9065-DBEE1F18CFE2}.Debug|Any CPU.ActiveCfg = Debug|Any CPU
		{68DC4FE2-EF97-429F-9065-DBEE1F18CFE2}.Debug|Any CPU.Build.0 = Debug|Any CPU
		{68DC4FE2-EF97-429F-9065-DBEE1F18CFE2}.Release|Any CPU.ActiveCfg = Release|Any CPU
		{68DC4FE2-EF97-429F-9065-DBEE1F18CFE2}.Release|Any CPU.Build.0 = Release|Any CPU
	EndGlobalSection
	GlobalSection(SolutionProperties) = preSolution
		HideSolutionNode = FALSE
	EndGlobalSection
	GlobalSection(ExtensibilityGlobals) = postSolution
		SolutionGuid = {EDFE3EFB-AC15-4212-BE51-CB11B0CB7C1E}
	EndGlobalSection
EndGlobal
