
Microsoft Visual Studio Solution File, Format Version 12.00
# Visual Studio Version 16
VisualStudioVersion = 16.0.29609.76
MinimumVisualStudioVersion = 10.0.40219.1
Project("{FAE04EC0-301F-11D3-BF4B-00C04F79EFBC}") = "AboutInfo", "AboutInfo\AboutInfo.csproj", "{68DC4FE2-EF97-429F-9065-DBEE1F18CFE2}"
EndProject
Global
	GlobalSection(SolutionConfigurationPlatforms) = preSolution
		Debug|Any CPU = Debug|Any CPU
		Release|Any CPU = Release|Any CPU
	EndGlobalSection
	GlobalSection(ProjectConfigurationPlatforms) = postSolution
		{68DC4FE2-EF97-429F-9065-DBEE1F18CFE2}.Debug|Any CPU.ActiveCfg = Debug|Any CPU
		{68DC4FE2-EF97-429F-9065-DBEE1F18CFE2}.Debug|Any CPU.Build.0 = Debug|Any CPU
		{68DC4FE2-EF97-429F-9065-DBEE1F18CFE2}.Release|Any CPU.ActiveCfg = Release|Any CPU
		{68DC4FE2-EF97-429F-9065-DBEE1F18CFE2}.Release|Any CPU.Build.0 = Release|Any CPU
	EndGlobalSection
	GlobalSection(SolutionProperties) = preSolution
		HideSolutionNode = FALSE
	EndGlobalSection
	GlobalSection(ExtensibilityGlobals) = postSolution
		SolutionGuid = {3F89681B-A74B-48B1-AF55-3444FD370341}
	EndGlobalSection
EndGlobal
