
Microsoft Visual Studio Solution File, Format Version 12.00
# Visual Studio Version 16
VisualStudioVersion = 16.0.29609.76
MinimumVisualStudioVersion = 10.0.40219.1
Project("{FAE04EC0-301F-11D3-BF4B-00C04F79EFBC}") = "TheBESTCarRacing", "TheBESTCarRacing.csproj", "{422C143B-C98C-4951-9E1B-08ACCAE95538}"
EndProject
Global
	GlobalSection(SolutionConfigurationPlatforms) = preSolution
		Debug|Any CPU = Debug|Any CPU
		Release|Any CPU = Release|Any CPU
	EndGlobalSection
	GlobalSection(ProjectConfigurationPlatforms) = postSolution
		{422C143B-C98C-4951-9E1B-08ACCAE95538}.Debug|Any CPU.ActiveCfg = Debug|Any CPU
		{422C143B-C98C-4951-9E1B-08ACCAE95538}.Debug|Any CPU.Build.0 = Debug|Any CPU
		{422C143B-C98C-4951-9E1B-08ACCAE95538}.Release|Any CPU.ActiveCfg = Release|Any CPU
		{422C143B-C98C-4951-9E1B-08ACCAE95538}.Release|Any CPU.Build.0 = Release|Any CPU
	EndGlobalSection
	GlobalSection(SolutionProperties) = preSolution
		HideSolutionNode = FALSE
	EndGlobalSection
	GlobalSection(ExtensibilityGlobals) = postSolution
		SolutionGuid = {6A4955C7-9976-4B93-843E-AE4DF4ADAC33}
	EndGlobalSection
EndGlobal
