
Microsoft Visual Studio Solution File, Format Version 12.00
# Visual Studio Version 16
VisualStudioVersion = 16.0.29609.76
MinimumVisualStudioVersion = 10.0.40219.1
Project("{FAE04EC0-301F-11D3-BF4B-00C04F79EFBC}") = "TheBESTTetrisEVER", "TheBESTTetrisEVER.csproj", "{76E0FD1B-4975-48AF-8AF6-775A72CFB0F6}"
EndProject
Global
	GlobalSection(SolutionConfigurationPlatforms) = preSolution
		Debug|Any CPU = Debug|Any CPU
		Release|Any CPU = Release|Any CPU
	EndGlobalSection
	GlobalSection(ProjectConfigurationPlatforms) = postSolution
		{76E0FD1B-4975-48AF-8AF6-775A72CFB0F6}.Debug|Any CPU.ActiveCfg = Debug|Any CPU
		{76E0FD1B-4975-48AF-8AF6-775A72CFB0F6}.Debug|Any CPU.Build.0 = Debug|Any CPU
		{76E0FD1B-4975-48AF-8AF6-775A72CFB0F6}.Release|Any CPU.ActiveCfg = Release|Any CPU
		{76E0FD1B-4975-48AF-8AF6-775A72CFB0F6}.Release|Any CPU.Build.0 = Release|Any CPU
	EndGlobalSection
	GlobalSection(SolutionProperties) = preSolution
		HideSolutionNode = FALSE
	EndGlobalSection
	GlobalSection(ExtensibilityGlobals) = postSolution
		SolutionGuid = {4CD53D7F-129E-48D5-BF10-B66B650C71E0}
	EndGlobalSection
EndGlobal
